{
  "lockfileVersion": 2,
  "configVersion": 1,
  "workspaces": {
    "": {
      "name": "lazy-storage",
      "dependencies": {
        "lazy-watch": "^6.2.1",
      },
      "devDependencies": {
        "fake-indexeddb": "6.2.5",
      },
    },
  },
  "packages": {
    "fake-indexeddb": ["fake-indexeddb@6.2.5", "", {}, "sha512-CGnyrvbhPlWYMngksqrSSUT1BAVP49dZocrHuK0SvtR0D5TMs5wP0o3j7jexDJW01KSadjBp1M/71o/KR3nD1w=="],

    "lazy-watch": ["lazy-watch@6.2.1", "", {}, "sha512-RRe1iPFWl5MK068lPr/WnGry3fLN+saMhDXv8rlIy6IDdSj2u+n+x4M2qoJgXyllbEvRvxCXtr+uWMB/vOiE0Q=="],
  }
}
